// !$*UTF8*$!
{
	archiveVersion = 1;
	classes = {
	};
	objectVersion = 50;
	objects = {

/* Begin PBXBuildFile section */
		4F7D2705225ABB6C00FCAE69 /* Interface.storyboard in Resources */ = {isa = PBXBuildFile; fileRef = 4F7D2703225ABB6C00FCAE69 /* Interface.storyboard */; };
		4F7D2707225ABB6D00FCAE69 /* Assets.xcassets in Resources */ = {isa = PBXBuildFile; fileRef = 4F7D2706225ABB6D00FCAE69 /* Assets.xcassets */; };
		4F7D270E225ABB6D00FCAE69 /* watch Extension.appex in Embed App Extensions */ = {isa = PBXBuildFile; fileRef = 4F7D270D225ABB6D00FCAE69 /* watch Extension.appex */; settings = {ATTRIBUTES = (RemoveHeadersOnCopy, ); }; };
		4F7D2713225ABB6D00FCAE69 /* InterfaceController.swift in Sources */ = {isa = PBXBuildFile; fileRef = 4F7D2712225ABB6D00FCAE69 /* InterfaceController.swift */; };
		4F7D2715225ABB6D00FCAE69 /* ExtensionDelegate.swift in Sources */ = {isa = PBXBuildFile; fileRef = 4F7D2714225ABB6D00FCAE69 /* ExtensionDelegate.swift */; };
		4F7D2717225ABB6D00FCAE69 /* NotificationController.swift in Sources */ = {isa = PBXBuildFile; fileRef = 4F7D2716225ABB6D00FCAE69 /* NotificationController.swift */; };
		4F7D2719225ABB6E00FCAE69 /* Assets.xcassets in Resources */ = {isa = PBXBuildFile; fileRef = 4F7D2718225ABB6E00FCAE69 /* Assets.xcassets */; };
		4F7D271E225ABB6E00FCAE69 /* watch.app in Embed Watch Content */ = {isa = PBXBuildFile; fileRef = 4F7D2701225ABB6C00FCAE69 /* watch.app */; };
		4F8FED9B2246E11C006136C9 /* AppDelegate.swift in Sources */ = {isa = PBXBuildFile; fileRef = 4F8FED9A2246E11C006136C9 /* AppDelegate.swift */; };
		4F8FED9D2246E11C006136C9 /* ViewController.swift in Sources */ = {isa = PBXBuildFile; fileRef = 4F8FED9C2246E11C006136C9 /* ViewController.swift */; };
		4F8FEDA02246E11C006136C9 /* Main.storyboard in Resources */ = {isa = PBXBuildFile; fileRef = 4F8FED9E2246E11C006136C9 /* Main.storyboard */; };
		4F8FEDA22246E11E006136C9 /* Assets.xcassets in Resources */ = {isa = PBXBuildFile; fileRef = 4F8FEDA12246E11E006136C9 /* Assets.xcassets */; };
		4F8FEDA52246E11E006136C9 /* LaunchScreen.storyboard in Resources */ = {isa = PBXBuildFile; fileRef = 4F8FEDA32246E11E006136C9 /* LaunchScreen.storyboard */; };
		4F8FEDB02246E11E006136C9 /* TicTacToeTests.swift in Sources */ = {isa = PBXBuildFile; fileRef = 4F8FEDAF2246E11E006136C9 /* TicTacToeTests.swift */; };
		4F8FEDBB2246E11E006136C9 /* TicTacToeUITests.swift in Sources */ = {isa = PBXBuildFile; fileRef = 4F8FEDBA2246E11E006136C9 /* TicTacToeUITests.swift */; };
		4F8FEDCB2246E165006136C9 /* nought.png in Resources */ = {isa = PBXBuildFile; fileRef = 4F8FEDC82246E164006136C9 /* nought.png */; };
		4F8FEDCC2246E165006136C9 /* cross.png in Resources */ = {isa = PBXBuildFile; fileRef = 4F8FEDC92246E164006136C9 /* cross.png */; };
		4F8FEDCD2246E165006136C9 /* board.png in Resources */ = {isa = PBXBuildFile; fileRef = 4F8FEDCA2246E165006136C9 /* board.png */; };
		4F8FEDCF22470002006136C9 /* winner.png in Resources */ = {isa = PBXBuildFile; fileRef = 4F8FEDCE22470002006136C9 /* winner.png */; };
		4F8FEDD22247C47F006136C9 /* play-again.png in Resources */ = {isa = PBXBuildFile; fileRef = 4F8FEDD12247C47E006136C9 /* play-again.png */; };
		4FA5399322637128002F9A1F /* CommonUtil.swift in Sources */ = {isa = PBXBuildFile; fileRef = 4FA5399222637128002F9A1F /* CommonUtil.swift */; };
		4FA5399422637128002F9A1F /* CommonUtil.swift in Sources */ = {isa = PBXBuildFile; fileRef = 4FA5399222637128002F9A1F /* CommonUtil.swift */; };
		4FA539952263778A002F9A1F /* play-again.png in Resources */ = {isa = PBXBuildFile; fileRef = 4F8FEDD12247C47E006136C9 /* play-again.png */; };
		4FA539962263778E002F9A1F /* board.png in Resources */ = {isa = PBXBuildFile; fileRef = 4F8FEDCA2246E165006136C9 /* board.png */; };
		4FA5399722637792002F9A1F /* cross.png in Resources */ = {isa = PBXBuildFile; fileRef = 4F8FEDC92246E164006136C9 /* cross.png */; };
		4FA5399822637795002F9A1F /* nought.png in Resources */ = {isa = PBXBuildFile; fileRef = 4F8FEDC82246E164006136C9 /* nought.png */; };
		4FA5399922637798002F9A1F /* winner.png in Resources */ = {isa = PBXBuildFile; fileRef = 4F8FEDCE22470002006136C9 /* winner.png */; };
/* End PBXBuildFile section */

/* Begin PBXContainerItemProxy section */
		4F7D270F225ABB6D00FCAE69 /* PBXContainerItemProxy */ = {
			isa = PBXContainerItemProxy;
			containerPortal = 4F8FED8F2246E11C006136C9 /* Project object */;
			proxyType = 1;
			remoteGlobalIDString = 4F7D270C225ABB6D00FCAE69;
			remoteInfo = "watch Extension";
		};
		4F7D271C225ABB6E00FCAE69 /* PBXContainerItemProxy */ = {
			isa = PBXContainerItemProxy;
			containerPortal = 4F8FED8F2246E11C006136C9 /* Project object */;
			proxyType = 1;
			remoteGlobalIDString = 4F7D2700225ABB6C00FCAE69;
			remoteInfo = watch;
		};
		4F8FEDAC2246E11E006136C9 /* PBXContainerItemProxy */ = {
			isa = PBXContainerItemProxy;
			containerPortal = 4F8FED8F2246E11C006136C9 /* Project object */;
			proxyType = 1;
			remoteGlobalIDString = 4F8FED962246E11C006136C9;
			remoteInfo = TicTacToe;
		};
		4F8FEDB72246E11E006136C9 /* PBXContainerItemProxy */ = {
			isa = PBXContainerItemProxy;
			containerPortal = 4F8FED8F2246E11C006136C9 /* Project object */;
			proxyType = 1;
			remoteGlobalIDString = 4F8FED962246E11C006136C9;
			remoteInfo = TicTacToe;
		};
/* End PBXContainerItemProxy section */

/* Begin PBXCopyFilesBuildPhase section */
		4F7D26FE22598EB000FCAE69 /* Embed Watch Content */ = {
			isa = PBXCopyFilesBuildPhase;
			buildActionMask = 2147483647;
			dstPath = "$(CONTENTS_FOLDER_PATH)/Watch";
			dstSubfolderSpec = 16;
			files = (
				4F7D271E225ABB6E00FCAE69 /* watch.app in Embed Watch Content */,
			);
			name = "Embed Watch Content";
			runOnlyForDeploymentPostprocessing = 0;
		};
		4F7D2722225ABB6E00FCAE69 /* Embed App Extensions */ = {
			isa = PBXCopyFilesBuildPhase;
			buildActionMask = 2147483647;
			dstPath = "";
			dstSubfolderSpec = 13;
			files = (
				4F7D270E225ABB6D00FCAE69 /* watch Extension.appex in Embed App Extensions */,
			);
			name = "Embed App Extensions";
			runOnlyForDeploymentPostprocessing = 0;
		};
/* End PBXCopyFilesBuildPhase section */

/* Begin PBXFileReference section */
		4F7D2701225ABB6C00FCAE69 /* watch.app */ = {isa = PBXFileReference; explicitFileType = wrapper.application; includeInIndex = 0; path = watch.app; sourceTree = BUILT_PRODUCTS_DIR; };
		4F7D2704225ABB6C00FCAE69 /* Base */ = {isa = PBXFileReference; lastKnownFileType = file.storyboard; name = Base; path = Base.lproj/Interface.storyboard; sourceTree = "<group>"; };
		4F7D2706225ABB6D00FCAE69 /* Assets.xcassets */ = {isa = PBXFileReference; lastKnownFileType = folder.assetcatalog; path = Assets.xcassets; sourceTree = "<group>"; };
		4F7D2708225ABB6D00FCAE69 /* Info.plist */ = {isa = PBXFileReference; lastKnownFileType = text.plist.xml; path = Info.plist; sourceTree = "<group>"; };
		4F7D270D225ABB6D00FCAE69 /* watch Extension.appex */ = {isa = PBXFileReference; explicitFileType = "wrapper.app-extension"; includeInIndex = 0; path = "watch Extension.appex"; sourceTree = BUILT_PRODUCTS_DIR; };
		4F7D2712225ABB6D00FCAE69 /* InterfaceController.swift */ = {isa = PBXFileReference; lastKnownFileType = sourcecode.swift; path = InterfaceController.swift; sourceTree = "<group>"; };
		4F7D2714225ABB6D00FCAE69 /* ExtensionDelegate.swift */ = {isa = PBXFileReference; lastKnownFileType = sourcecode.swift; path = ExtensionDelegate.swift; sourceTree = "<group>"; };
		4F7D2716225ABB6D00FCAE69 /* NotificationController.swift */ = {isa = PBXFileReference; lastKnownFileType = sourcecode.swift; path = NotificationController.swift; sourceTree = "<group>"; };
		4F7D2718225ABB6E00FCAE69 /* Assets.xcassets */ = {isa = PBXFileReference; lastKnownFileType = folder.assetcatalog; path = Assets.xcassets; sourceTree = "<group>"; };
		4F7D271A225ABB6E00FCAE69 /* Info.plist */ = {isa = PBXFileReference; lastKnownFileType = text.plist.xml; path = Info.plist; sourceTree = "<group>"; };
		4F7D271B225ABB6E00FCAE69 /* PushNotificationPayload.apns */ = {isa = PBXFileReference; lastKnownFileType = text; path = PushNotificationPayload.apns; sourceTree = "<group>"; };
		4F8FED972246E11C006136C9 /* TicTacToe.app */ = {isa = PBXFileReference; explicitFileType = wrapper.application; includeInIndex = 0; path = TicTacToe.app; sourceTree = BUILT_PRODUCTS_DIR; };
		4F8FED9A2246E11C006136C9 /* AppDelegate.swift */ = {isa = PBXFileReference; lastKnownFileType = sourcecode.swift; path = AppDelegate.swift; sourceTree = "<group>"; };
		4F8FED9C2246E11C006136C9 /* ViewController.swift */ = {isa = PBXFileReference; lastKnownFileType = sourcecode.swift; path = ViewController.swift; sourceTree = "<group>"; };
		4F8FED9F2246E11C006136C9 /* Base */ = {isa = PBXFileReference; lastKnownFileType = file.storyboard; name = Base; path = Base.lproj/Main.storyboard; sourceTree = "<group>"; };
		4F8FEDA12246E11E006136C9 /* Assets.xcassets */ = {isa = PBXFileReference; lastKnownFileType = folder.assetcatalog; path = Assets.xcassets; sourceTree = "<group>"; };
		4F8FEDA42246E11E006136C9 /* Base */ = {isa = PBXFileReference; lastKnownFileType = file.storyboard; name = Base; path = Base.lproj/LaunchScreen.storyboard; sourceTree = "<group>"; };
		4F8FEDA62246E11E006136C9 /* Info.plist */ = {isa = PBXFileReference; lastKnownFileType = text.plist.xml; path = Info.plist; sourceTree = "<group>"; };
		4F8FEDAB2246E11E006136C9 /* TicTacToeTests.xctest */ = {isa = PBXFileReference; explicitFileType = wrapper.cfbundle; includeInIndex = 0; path = TicTacToeTests.xctest; sourceTree = BUILT_PRODUCTS_DIR; };
		4F8FEDAF2246E11E006136C9 /* TicTacToeTests.swift */ = {isa = PBXFileReference; lastKnownFileType = sourcecode.swift; path = TicTacToeTests.swift; sourceTree = "<group>"; };
		4F8FEDB12246E11E006136C9 /* Info.plist */ = {isa = PBXFileReference; lastKnownFileType = text.plist.xml; path = Info.plist; sourceTree = "<group>"; };
		4F8FEDB62246E11E006136C9 /* TicTacToeUITests.xctest */ = {isa = PBXFileReference; explicitFileType = wrapper.cfbundle; includeInIndex = 0; path = TicTacToeUITests.xctest; sourceTree = BUILT_PRODUCTS_DIR; };
		4F8FEDBA2246E11E006136C9 /* TicTacToeUITests.swift */ = {isa = PBXFileReference; lastKnownFileType = sourcecode.swift; path = TicTacToeUITests.swift; sourceTree = "<group>"; };
		4F8FEDBC2246E11E006136C9 /* Info.plist */ = {isa = PBXFileReference; lastKnownFileType = text.plist.xml; path = Info.plist; sourceTree = "<group>"; };
		4F8FEDC82246E164006136C9 /* nought.png */ = {isa = PBXFileReference; lastKnownFileType = image.png; path = nought.png; sourceTree = "<group>"; };
		4F8FEDC92246E164006136C9 /* cross.png */ = {isa = PBXFileReference; lastKnownFileType = image.png; path = cross.png; sourceTree = "<group>"; };
		4F8FEDCA2246E165006136C9 /* board.png */ = {isa = PBXFileReference; lastKnownFileType = image.png; path = board.png; sourceTree = "<group>"; };
		4F8FEDCE22470002006136C9 /* winner.png */ = {isa = PBXFileReference; lastKnownFileType = image.png; path = winner.png; sourceTree = "<group>"; };
		4F8FEDD12247C47E006136C9 /* play-again.png */ = {isa = PBXFileReference; lastKnownFileType = image.png; path = "play-again.png"; sourceTree = "<group>"; };
		4FA5399222637128002F9A1F /* CommonUtil.swift */ = {isa = PBXFileReference; lastKnownFileType = sourcecode.swift; path = CommonUtil.swift; sourceTree = "<group>"; };
/* End PBXFileReference section */

/* Begin PBXFrameworksBuildPhase section */
		4F7D270A225ABB6D00FCAE69 /* Frameworks */ = {
			isa = PBXFrameworksBuildPhase;
			buildActionMask = 2147483647;
			files = (
			);
			runOnlyForDeploymentPostprocessing = 0;
		};
		4F8FED942246E11C006136C9 /* Frameworks */ = {
			isa = PBXFrameworksBuildPhase;
			buildActionMask = 2147483647;
			files = (
			);
			runOnlyForDeploymentPostprocessing = 0;
		};
		4F8FEDA82246E11E006136C9 /* Frameworks */ = {
			isa = PBXFrameworksBuildPhase;
			buildActionMask = 2147483647;
			files = (
			);
			runOnlyForDeploymentPostprocessing = 0;
		};
		4F8FEDB32246E11E006136C9 /* Frameworks */ = {
			isa = PBXFrameworksBuildPhase;
			buildActionMask = 2147483647;
			files = (
			);
			runOnlyForDeploymentPostprocessing = 0;
		};
/* End PBXFrameworksBuildPhase section */

/* Begin PBXGroup section */
		4F7D2702225ABB6C00FCAE69 /* watch */ = {
			isa = PBXGroup;
			children = (
				4F7D2703225ABB6C00FCAE69 /* Interface.storyboard */,
				4F7D2706225ABB6D00FCAE69 /* Assets.xcassets */,
				4F7D2708225ABB6D00FCAE69 /* Info.plist */,
			);
			path = watch;
			sourceTree = "<group>";
		};
		4F7D2711225ABB6D00FCAE69 /* watch Extension */ = {
			isa = PBXGroup;
			children = (
				4F7D2712225ABB6D00FCAE69 /* InterfaceController.swift */,
				4F7D2714225ABB6D00FCAE69 /* ExtensionDelegate.swift */,
				4F7D2716225ABB6D00FCAE69 /* NotificationController.swift */,
				4F7D2718225ABB6E00FCAE69 /* Assets.xcassets */,
				4F7D271A225ABB6E00FCAE69 /* Info.plist */,
				4F7D271B225ABB6E00FCAE69 /* PushNotificationPayload.apns */,
			);
			path = "watch Extension";
			sourceTree = "<group>";
		};
		4F8FED8E2246E11C006136C9 = {
			isa = PBXGroup;
			children = (
				4F8FED992246E11C006136C9 /* TicTacToe */,
				4F8FEDAE2246E11E006136C9 /* TicTacToeTests */,
				4F8FEDB92246E11E006136C9 /* TicTacToeUITests */,
				4F7D2702225ABB6C00FCAE69 /* watch */,
				4F7D2711225ABB6D00FCAE69 /* watch Extension */,
				4F8FED982246E11C006136C9 /* Products */,
			);
			sourceTree = "<group>";
		};
		4F8FED982246E11C006136C9 /* Products */ = {
			isa = PBXGroup;
			children = (
				4F8FED972246E11C006136C9 /* TicTacToe.app */,
				4F8FEDAB2246E11E006136C9 /* TicTacToeTests.xctest */,
				4F8FEDB62246E11E006136C9 /* TicTacToeUITests.xctest */,
				4F7D2701225ABB6C00FCAE69 /* watch.app */,
				4F7D270D225ABB6D00FCAE69 /* watch Extension.appex */,
			);
			name = Products;
			sourceTree = "<group>";
		};
		4F8FED992246E11C006136C9 /* TicTacToe */ = {
			isa = PBXGroup;
			children = (
				4F8FEDD022470009006136C9 /* images */,
				4F8FED9A2246E11C006136C9 /* AppDelegate.swift */,
				4F8FED9C2246E11C006136C9 /* ViewController.swift */,
				4F8FED9E2246E11C006136C9 /* Main.storyboard */,
				4F8FEDA12246E11E006136C9 /* Assets.xcassets */,
				4F8FEDA32246E11E006136C9 /* LaunchScreen.storyboard */,
				4F8FEDA62246E11E006136C9 /* Info.plist */,
				4FA5399222637128002F9A1F /* CommonUtil.swift */,
			);
			path = TicTacToe;
			sourceTree = "<group>";
		};
		4F8FEDAE2246E11E006136C9 /* TicTacToeTests */ = {
			isa = PBXGroup;
			children = (
				4F8FEDAF2246E11E006136C9 /* TicTacToeTests.swift */,
				4F8FEDB12246E11E006136C9 /* Info.plist */,
			);
			path = TicTacToeTests;
			sourceTree = "<group>";
		};
		4F8FEDB92246E11E006136C9 /* TicTacToeUITests */ = {
			isa = PBXGroup;
			children = (
				4F8FEDBA2246E11E006136C9 /* TicTacToeUITests.swift */,
				4F8FEDBC2246E11E006136C9 /* Info.plist */,
			);
			path = TicTacToeUITests;
			sourceTree = "<group>";
		};
		4F8FEDD022470009006136C9 /* images */ = {
			isa = PBXGroup;
			children = (
				4F8FEDD12247C47E006136C9 /* play-again.png */,
				4F8FEDCA2246E165006136C9 /* board.png */,
				4F8FEDC92246E164006136C9 /* cross.png */,
				4F8FEDC82246E164006136C9 /* nought.png */,
				4F8FEDCE22470002006136C9 /* winner.png */,
			);
			name = images;
			path = images.png;
			sourceTree = "<group>";
		};
/* End PBXGroup section */

/* Begin PBXNativeTarget section */
		4F7D2700225ABB6C00FCAE69 /* watch */ = {
			isa = PBXNativeTarget;
			buildConfigurationList = 4F7D2723225ABB6E00FCAE69 /* Build configuration list for PBXNativeTarget "watch" */;
			buildPhases = (
				4F7D26FF225ABB6C00FCAE69 /* Resources */,
				4F7D2722225ABB6E00FCAE69 /* Embed App Extensions */,
			);
			buildRules = (
			);
			dependencies = (
				4F7D2710225ABB6D00FCAE69 /* PBXTargetDependency */,
			);
			name = watch;
			productName = watch;
			productReference = 4F7D2701225ABB6C00FCAE69 /* watch.app */;
			productType = "com.apple.product-type.application.watchapp2";
		};
		4F7D270C225ABB6D00FCAE69 /* watch Extension */ = {
			isa = PBXNativeTarget;
			buildConfigurationList = 4F7D271F225ABB6E00FCAE69 /* Build configuration list for PBXNativeTarget "watch Extension" */;
			buildPhases = (
				4F7D2709225ABB6D00FCAE69 /* Sources */,
				4F7D270A225ABB6D00FCAE69 /* Frameworks */,
				4F7D270B225ABB6D00FCAE69 /* Resources */,
			);
			buildRules = (
			);
			dependencies = (
			);
			name = "watch Extension";
			productName = "watch Extension";
			productReference = 4F7D270D225ABB6D00FCAE69 /* watch Extension.appex */;
			productType = "com.apple.product-type.watchkit2-extension";
		};
		4F8FED962246E11C006136C9 /* TicTacToe */ = {
			isa = PBXNativeTarget;
			buildConfigurationList = 4F8FEDBF2246E11E006136C9 /* Build configuration list for PBXNativeTarget "TicTacToe" */;
			buildPhases = (
				4F8FED932246E11C006136C9 /* Sources */,
				4F8FED942246E11C006136C9 /* Frameworks */,
				4F8FED952246E11C006136C9 /* Resources */,
				4F7D26FE22598EB000FCAE69 /* Embed Watch Content */,
			);
			buildRules = (
			);
			dependencies = (
				4F7D271D225ABB6E00FCAE69 /* PBXTargetDependency */,
			);
			name = TicTacToe;
			productName = TicTacToe;
			productReference = 4F8FED972246E11C006136C9 /* TicTacToe.app */;
			productType = "com.apple.product-type.application";
		};
		4F8FEDAA2246E11E006136C9 /* TicTacToeTests */ = {
			isa = PBXNativeTarget;
			buildConfigurationList = 4F8FEDC22246E11E006136C9 /* Build configuration list for PBXNativeTarget "TicTacToeTests" */;
			buildPhases = (
				4F8FEDA72246E11E006136C9 /* Sources */,
				4F8FEDA82246E11E006136C9 /* Frameworks */,
				4F8FEDA92246E11E006136C9 /* Resources */,
			);
			buildRules = (
			);
			dependencies = (
				4F8FEDAD2246E11E006136C9 /* PBXTargetDependency */,
			);
			name = TicTacToeTests;
			productName = TicTacToeTests;
			productReference = 4F8FEDAB2246E11E006136C9 /* TicTacToeTests.xctest */;
			productType = "com.apple.product-type.bundle.unit-test";
		};
		4F8FEDB52246E11E006136C9 /* TicTacToeUITests */ = {
			isa = PBXNativeTarget;
			buildConfigurationList = 4F8FEDC52246E11E006136C9 /* Build configuration list for PBXNativeTarget "TicTacToeUITests" */;
			buildPhases = (
				4F8FEDB22246E11E006136C9 /* Sources */,
				4F8FEDB32246E11E006136C9 /* Frameworks */,
				4F8FEDB42246E11E006136C9 /* Resources */,
			);
			buildRules = (
			);
			dependencies = (
				4F8FEDB82246E11E006136C9 /* PBXTargetDependency */,
			);
			name = TicTacToeUITests;
			productName = TicTacToeUITests;
			productReference = 4F8FEDB62246E11E006136C9 /* TicTacToeUITests.xctest */;
			productType = "com.apple.product-type.bundle.ui-testing";
		};
/* End PBXNativeTarget section */

/* Begin PBXProject section */
		4F8FED8F2246E11C006136C9 /* Project object */ = {
			isa = PBXProject;
			attributes = {
				LastSwiftUpdateCheck = 1020;
				LastUpgradeCheck = 1010;
				ORGANIZATIONNAME = "Wassam Zahreddine";
				TargetAttributes = {
					4F7D2700225ABB6C00FCAE69 = {
						CreatedOnToolsVersion = 10.2;
					};
					4F7D270C225ABB6D00FCAE69 = {
						CreatedOnToolsVersion = 10.2;
					};
					4F8FED962246E11C006136C9 = {
						CreatedOnToolsVersion = 10.1;
						LastSwiftMigration = 1020;
					};
					4F8FEDAA2246E11E006136C9 = {
						CreatedOnToolsVersion = 10.1;
						TestTargetID = 4F8FED962246E11C006136C9;
					};
					4F8FEDB52246E11E006136C9 = {
						CreatedOnToolsVersion = 10.1;
						TestTargetID = 4F8FED962246E11C006136C9;
					};
				};
			};
			buildConfigurationList = 4F8FED922246E11C006136C9 /* Build configuration list for PBXProject "TicTacToe" */;
			compatibilityVersion = "Xcode 9.3";
			developmentRegion = en;
			hasScannedForEncodings = 0;
			knownRegions = (
				en,
				Base,
			);
			mainGroup = 4F8FED8E2246E11C006136C9;
			productRefGroup = 4F8FED982246E11C006136C9 /* Products */;
			projectDirPath = "";
			projectRoot = "";
			targets = (
				4F8FED962246E11C006136C9 /* TicTacToe */,
				4F8FEDAA2246E11E006136C9 /* TicTacToeTests */,
				4F8FEDB52246E11E006136C9 /* TicTacToeUITests */,
				4F7D2700225ABB6C00FCAE69 /* watch */,
				4F7D270C225ABB6D00FCAE69 /* watch Extension */,
			);
		};
/* End PBXProject section */

/* Begin PBXResourcesBuildPhase section */
		4F7D26FF225ABB6C00FCAE69 /* Resources */ = {
			isa = PBXResourcesBuildPhase;
			buildActionMask = 2147483647;
			files = (
				4FA5399722637792002F9A1F /* cross.png in Resources */,
				4FA5399922637798002F9A1F /* winner.png in Resources */,
				4FA539962263778E002F9A1F /* board.png in Resources */,
				4FA5399822637795002F9A1F /* nought.png in Resources */,
				4F7D2707225ABB6D00FCAE69 /* Assets.xcassets in Resources */,
				4F7D2705225ABB6C00FCAE69 /* Interface.storyboard in Resources */,
				4FA539952263778A002F9A1F /* play-again.png in Resources */,
			);
			runOnlyForDeploymentPostprocessing = 0;
		};
		4F7D270B225ABB6D00FCAE69 /* Resources */ = {
			isa = PBXResourcesBuildPhase;
			buildActionMask = 2147483647;
			files = (
				4F7D2719225ABB6E00FCAE69 /* Assets.xcassets in Resources */,
			);
			runOnlyForDeploymentPostprocessing = 0;
		};
		4F8FED952246E11C006136C9 /* Resources */ = {
			isa = PBXResourcesBuildPhase;
			buildActionMask = 2147483647;
			files = (
				4F8FEDCC2246E165006136C9 /* cross.png in Resources */,
				4F8FEDCF22470002006136C9 /* winner.png in Resources */,
				4F8FEDA52246E11E006136C9 /* LaunchScreen.storyboard in Resources */,
				4F8FEDCD2246E165006136C9 /* board.png in Resources */,
				4F8FEDD22247C47F006136C9 /* play-again.png in Resources */,
				4F8FEDA22246E11E006136C9 /* Assets.xcassets in Resources */,
				4F8FEDCB2246E165006136C9 /* nought.png in Resources */,
				4F8FEDA02246E11C006136C9 /* Main.storyboard in Resources */,
			);
			runOnlyForDeploymentPostprocessing = 0;
		};
		4F8FEDA92246E11E006136C9 /* Resources */ = {
			isa = PBXResourcesBuildPhase;
			buildActionMask = 2147483647;
			files = (
			);
			runOnlyForDeploymentPostprocessing = 0;
		};
		4F8FEDB42246E11E006136C9 /* Resources */ = {
			isa = PBXResourcesBuildPhase;
			buildActionMask = 2147483647;
			files = (
			);
			runOnlyForDeploymentPostprocessing = 0;
		};
/* End PBXResourcesBuildPhase section */

/* Begin PBXSourcesBuildPhase section */
		4F7D2709225ABB6D00FCAE69 /* Sources */ = {
			isa = PBXSourcesBuildPhase;
			buildActionMask = 2147483647;
			files = (
				4F7D2717225ABB6D00FCAE69 /* NotificationController.swift in Sources */,
				4F7D2715225ABB6D00FCAE69 /* ExtensionDelegate.swift in Sources */,
				4FA5399422637128002F9A1F /* CommonUtil.swift in Sources */,
				4F7D2713225ABB6D00FCAE69 /* InterfaceController.swift in Sources */,
			);
			runOnlyForDeploymentPostprocessing = 0;
		};
		4F8FED932246E11C006136C9 /* Sources */ = {
			isa = PBXSourcesBuildPhase;
			buildActionMask = 2147483647;
			files = (
				4F8FED9D2246E11C006136C9 /* ViewController.swift in Sources */,
				4F8FED9B2246E11C006136C9 /* AppDelegate.swift in Sources */,
				4FA5399322637128002F9A1F /* CommonUtil.swift in Sources */,
			);
			runOnlyForDeploymentPostprocessing = 0;
		};
		4F8FEDA72246E11E006136C9 /* Sources */ = {
			isa = PBXSourcesBuildPhase;
			buildActionMask = 2147483647;
			files = (
				4F8FEDB02246E11E006136C9 /* TicTacToeTests.swift in Sources */,
			);
			runOnlyForDeploymentPostprocessing = 0;
		};
		4F8FEDB22246E11E006136C9 /* Sources */ = {
			isa = PBXSourcesBuildPhase;
			buildActionMask = 2147483647;
			files = (
				4F8FEDBB2246E11E006136C9 /* TicTacToeUITests.swift in Sources */,
			);
			runOnlyForDeploymentPostprocessing = 0;
		};
/* End PBXSourcesBuildPhase section */

/* Begin PBXTargetDependency section */
		4F7D2710225ABB6D00FCAE69 /* PBXTargetDependency */ = {
			isa = PBXTargetDependency;
			target = 4F7D270C225ABB6D00FCAE69 /* watch Extension */;
			targetProxy = 4F7D270F225ABB6D00FCAE69 /* PBXContainerItemProxy */;
		};
		4F7D271D225ABB6E00FCAE69 /* PBXTargetDependency */ = {
			isa = PBXTargetDependency;
			target = 4F7D2700225ABB6C00FCAE69 /* watch */;
			targetProxy = 4F7D271C225ABB6E00FCAE69 /* PBXContainerItemProxy */;
		};
		4F8FEDAD2246E11E006136C9 /* PBXTargetDependency */ = {
			isa = PBXTargetDependency;
			target = 4F8FED962246E11C006136C9 /* TicTacToe */;
			targetProxy = 4F8FEDAC2246E11E006136C9 /* PBXContainerItemProxy */;
		};
		4F8FEDB82246E11E006136C9 /* PBXTargetDependency */ = {
			isa = PBXTargetDependency;
			target = 4F8FED962246E11C006136C9 /* TicTacToe */;
			targetProxy = 4F8FEDB72246E11E006136C9 /* PBXContainerItemProxy */;
		};
/* End PBXTargetDependency section */

/* Begin PBXVariantGroup section */
		4F7D2703225ABB6C00FCAE69 /* Interface.storyboard */ = {
			isa = PBXVariantGroup;
			children = (
				4F7D2704225ABB6C00FCAE69 /* Base */,
			);
			name = Interface.storyboard;
			sourceTree = "<group>";
		};
		4F8FED9E2246E11C006136C9 /* Main.storyboard */ = {
			isa = PBXVariantGroup;
			children = (
				4F8FED9F2246E11C006136C9 /* Base */,
			);
			name = Main.storyboard;
			sourceTree = "<group>";
		};
		4F8FEDA32246E11E006136C9 /* LaunchScreen.storyboard */ = {
			isa = PBXVariantGroup;
			children = (
				4F8FEDA42246E11E006136C9 /* Base */,
			);
			name = LaunchScreen.storyboard;
			sourceTree = "<group>";
		};
/* End PBXVariantGroup section */

/* Begin XCBuildConfiguration section */
		4F7D2720225ABB6E00FCAE69 /* Debug */ = {
			isa = XCBuildConfiguration;
			buildSettings = {
				ASSETCATALOG_COMPILER_COMPLICATION_NAME = Complication;
				CODE_SIGN_STYLE = Automatic;
				DEVELOPMENT_TEAM = AWD2L2KGYG;
				INFOPLIST_FILE = "watch Extension/Info.plist";
				LD_RUNPATH_SEARCH_PATHS = (
					"$(inherited)",
					"@executable_path/Frameworks",
					"@executable_path/../../Frameworks",
				);
				PRODUCT_BUNDLE_IDENTIFIER = com.wassam.TicTacToe.watchkitapp.watchkitextension;
				PRODUCT_NAME = "${TARGET_NAME}";
				SDKROOT = watchos;
				SKIP_INSTALL = YES;
				SWIFT_VERSION = 5.0;
				TARGETED_DEVICE_FAMILY = 4;
				WATCHOS_DEPLOYMENT_TARGET = 5.2;
			};
			name = Debug;
		};
		4F7D2721225ABB6E00FCAE69 /* Release */ = {
			isa = XCBuildConfiguration;
			buildSettings = {
				ASSETCATALOG_COMPILER_COMPLICATION_NAME = Complication;
				CODE_SIGN_STYLE = Automatic;
				DEVELOPMENT_TEAM = AWD2L2KGYG;
				INFOPLIST_FILE = "watch Extension/Info.plist";
				LD_RUNPATH_SEARCH_PATHS = (
					"$(inherited)",
					"@executable_path/Frameworks",
					"@executable_path/../../Frameworks",
				);
				PRODUCT_BUNDLE_IDENTIFIER = com.wassam.TicTacToe.watchkitapp.watchkitextension;
				PRODUCT_NAME = "${TARGET_NAME}";
				SDKROOT = watchos;
				SKIP_INSTALL = YES;
				SWIFT_VERSION = 5.0;
				TARGETED_DEVICE_FAMILY = 4;
				WATCHOS_DEPLOYMENT_TARGET = 5.2;
			};
			name = Release;
		};
		4F7D2724225ABB6E00FCAE69 /* Debug */ = {
			isa = XCBuildConfiguration;
			buildSettings = {
				ALWAYS_EMBED_SWIFT_STANDARD_LIBRARIES = YES;
				ASSETCATALOG_COMPILER_APPICON_NAME = AppIcon;
				CODE_SIGN_STYLE = Automatic;
				DEVELOPMENT_TEAM = AWD2L2KGYG;
				IBSC_MODULE = watch_Extension;
				INFOPLIST_FILE = watch/Info.plist;
				PRODUCT_BUNDLE_IDENTIFIER = com.wassam.TicTacToe.watchkitapp;
				PRODUCT_NAME = "$(TARGET_NAME)";
				SDKROOT = watchos;
				SKIP_INSTALL = YES;
				SWIFT_VERSION = 5.0;
				TARGETED_DEVICE_FAMILY = 4;
				WATCHOS_DEPLOYMENT_TARGET = 5.2;
			};
			name = Debug;
		};
		4F7D2725225ABB6E00FCAE69 /* Release */ = {
			isa = XCBuildConfiguration;
			buildSettings = {
				ALWAYS_EMBED_SWIFT_STANDARD_LIBRARIES = YES;
				ASSETCATALOG_COMPILER_APPICON_NAME = AppIcon;
				CODE_SIGN_STYLE = Automatic;
				DEVELOPMENT_TEAM = AWD2L2KGYG;
				IBSC_MODULE = watch_Extension;
				INFOPLIST_FILE = watch/Info.plist;
				PRODUCT_BUNDLE_IDENTIFIER = com.wassam.TicTacToe.watchkitapp;
				PRODUCT_NAME = "$(TARGET_NAME)";
				SDKROOT = watchos;
				SKIP_INSTALL = YES;
				SWIFT_VERSION = 5.0;
				TARGETED_DEVICE_FAMILY = 4;
				WATCHOS_DEPLOYMENT_TARGET = 5.2;
			};
			name = Release;
		};
		4F8FEDBD2246E11E006136C9 /* Debug */ = {
			isa = XCBuildConfiguration;
			buildSettings = {
				ALWAYS_SEARCH_USER_PATHS = NO;
				CLANG_ANALYZER_NONNULL = YES;
				CLANG_ANALYZER_NUMBER_OBJECT_CONVERSION = YES_AGGRESSIVE;
				CLANG_CXX_LANGUAGE_STANDARD = "gnu++14";
				CLANG_CXX_LIBRARY = "libc++";
				CLANG_ENABLE_MODULES = YES;
				CLANG_ENABLE_OBJC_ARC = YES;
				CLANG_ENABLE_OBJC_WEAK = YES;
				CLANG_WARN_BLOCK_CAPTURE_AUTORELEASING = YES;
				CLANG_WARN_BOOL_CONVERSION = YES;
				CLANG_WARN_COMMA = YES;
				CLANG_WARN_CONSTANT_CONVERSION = YES;
				CLANG_WARN_DEPRECATED_OBJC_IMPLEMENTATIONS = YES;
				CLANG_WARN_DIRECT_OBJC_ISA_USAGE = YES_ERROR;
				CLANG_WARN_DOCUMENTATION_COMMENTS = YES;
				CLANG_WARN_EMPTY_BODY = YES;
				CLANG_WARN_ENUM_CONVERSION = YES;
				CLANG_WARN_INFINITE_RECURSION = YES;
				CLANG_WARN_INT_CONVERSION = YES;
				CLANG_WARN_NON_LITERAL_NULL_CONVERSION = YES;
				CLANG_WARN_OBJC_IMPLICIT_RETAIN_SELF = YES;
				CLANG_WARN_OBJC_LITERAL_CONVERSION = YES;
				CLANG_WARN_OBJC_ROOT_CLASS = YES_ERROR;
				CLANG_WARN_RANGE_LOOP_ANALYSIS = YES;
				CLANG_WARN_STRICT_PROTOTYPES = YES;
				CLANG_WARN_SUSPICIOUS_MOVE = YES;
				CLANG_WARN_UNGUARDED_AVAILABILITY = YES_AGGRESSIVE;
				CLANG_WARN_UNREACHABLE_CODE = YES;
				CLANG_WARN__DUPLICATE_METHOD_MATCH = YES;
				CODE_SIGN_IDENTITY = "iPhone Developer";
				COPY_PHASE_STRIP = NO;
				DEBUG_INFORMATION_FORMAT = dwarf;
				ENABLE_STRICT_OBJC_MSGSEND = YES;
				ENABLE_TESTABILITY = YES;
				GCC_C_LANGUAGE_STANDARD = gnu11;
				GCC_DYNAMIC_NO_PIC = NO;
				GCC_NO_COMMON_BLOCKS = YES;
				GCC_OPTIMIZATION_LEVEL = 0;
				GCC_PREPROCESSOR_DEFINITIONS = (
					"DEBUG=1",
					"$(inherited)",
				);
				GCC_WARN_64_TO_32_BIT_CONVERSION = YES;
				GCC_WARN_ABOUT_RETURN_TYPE = YES_ERROR;
				GCC_WARN_UNDECLARED_SELECTOR = YES;
				GCC_WARN_UNINITIALIZED_AUTOS = YES_AGGRESSIVE;
				GCC_WARN_UNUSED_FUNCTION = YES;
				GCC_WARN_UNUSED_VARIABLE = YES;
				IPHONEOS_DEPLOYMENT_TARGET = 12.1;
				MTL_ENABLE_DEBUG_INFO = INCLUDE_SOURCE;
				MTL_FAST_MATH = YES;
				ONLY_ACTIVE_ARCH = YES;
				SDKROOT = iphoneos;
				SWIFT_ACTIVE_COMPILATION_CONDITIONS = DEBUG;
				SWIFT_OPTIMIZATION_LEVEL = "-Onone";
			};
			name = Debug;
		};
		4F8FEDBE2246E11E006136C9 /* Release */ = {
			isa = XCBuildConfiguration;
			buildSettings = {
				ALWAYS_SEARCH_USER_PATHS = NO;
				CLANG_ANALYZER_NONNULL = YES;
				CLANG_ANALYZER_NUMBER_OBJECT_CONVERSION = YES_AGGRESSIVE;
				CLANG_CXX_LANGUAGE_STANDARD = "gnu++14";
				CLANG_CXX_LIBRARY = "libc++";
				CLANG_ENABLE_MODULES = YES;
				CLANG_ENABLE_OBJC_ARC = YES;
				CLANG_ENABLE_OBJC_WEAK = YES;
				CLANG_WARN_BLOCK_CAPTURE_AUTORELEASING = YES;
				CLANG_WARN_BOOL_CONVERSION = YES;
				CLANG_WARN_COMMA = YES;
				CLANG_WARN_CONSTANT_CONVERSION = YES;
				CLANG_WARN_DEPRECATED_OBJC_IMPLEMENTATIONS = YES;
				CLANG_WARN_DIRECT_OBJC_ISA_USAGE = YES_ERROR;
				CLANG_WARN_DOCUMENTATION_COMMENTS = YES;
				CLANG_WARN_EMPTY_BODY = YES;
				CLANG_WARN_ENUM_CONVERSION = YES;
				CLANG_WARN_INFINITE_RECURSION = YES;
				CLANG_WARN_INT_CONVERSION = YES;
				CLANG_WARN_NON_LITERAL_NULL_CONVERSION = YES;
				CLANG_WARN_OBJC_IMPLICIT_RETAIN_SELF = YES;
				CLANG_WARN_OBJC_LITERAL_CONVERSION = YES;
				CLANG_WARN_OBJC_ROOT_CLASS = YES_ERROR;
				CLANG_WARN_RANGE_LOOP_ANALYSIS = YES;
				CLANG_WARN_STRICT_PROTOTYPES = YES;
				CLANG_WARN_SUSPICIOUS_MOVE = YES;
				CLANG_WARN_UNGUARDED_AVAILABILITY = YES_AGGRESSIVE;
				CLANG_WARN_UNREACHABLE_CODE = YES;
				CLANG_WARN__DUPLICATE_METHOD_MATCH = YES;
				CODE_SIGN_IDENTITY = "iPhone Developer";
				COPY_PHASE_STRIP = NO;
				DEBUG_INFORMATION_FORMAT = "dwarf-with-dsym";
				ENABLE_NS_ASSERTIONS = NO;
				ENABLE_STRICT_OBJC_MSGSEND = YES;
				GCC_C_LANGUAGE_STANDARD = gnu11;
				GCC_NO_COMMON_BLOCKS = YES;
				GCC_WARN_64_TO_32_BIT_CONVERSION = YES;
				GCC_WARN_ABOUT_RETURN_TYPE = YES_ERROR;
				GCC_WARN_UNDECLARED_SELECTOR = YES;
				GCC_WARN_UNINITIALIZED_AUTOS = YES_AGGRESSIVE;
				GCC_WARN_UNUSED_FUNCTION = YES;
				GCC_WARN_UNUSED_VARIABLE = YES;
				IPHONEOS_DEPLOYMENT_TARGET = 12.1;
				MTL_ENABLE_DEBUG_INFO = NO;
				MTL_FAST_MATH = YES;
				SDKROOT = iphoneos;
				SWIFT_COMPILATION_MODE = wholemodule;
				SWIFT_OPTIMIZATION_LEVEL = "-O";
				VALIDATE_PRODUCT = YES;
			};
			name = Release;
		};
		4F8FEDC02246E11E006136C9 /* Debug */ = {
			isa = XCBuildConfiguration;
			buildSettings = {
				ASSETCATALOG_COMPILER_APPICON_NAME = AppIcon;
				CODE_SIGN_STYLE = Automatic;
				DEVELOPMENT_TEAM = AWD2L2KGYG;
				INFOPLIST_FILE = TicTacToe/Info.plist;
				IPHONEOS_DEPLOYMENT_TARGET = 9.0;
				LD_RUNPATH_SEARCH_PATHS = (
					"$(inherited)",
					"@executable_path/Frameworks",
				);
				PRODUCT_BUNDLE_IDENTIFIER = com.wassam.TicTacToe;
				PRODUCT_NAME = "$(TARGET_NAME)";
				SWIFT_VERSION = 5.0;
				TARGETED_DEVICE_FAMILY = "1,2";
				WATCHOS_DEPLOYMENT_TARGET = 5.0;
			};
			name = Debug;
		};
		4F8FEDC12246E11E006136C9 /* Release */ = {
			isa = XCBuildConfiguration;
			buildSettings = {
				ASSETCATALOG_COMPILER_APPICON_NAME = AppIcon;
				CODE_SIGN_STYLE = Automatic;
				DEVELOPMENT_TEAM = AWD2L2KGYG;
				INFOPLIST_FILE = TicTacToe/Info.plist;
				IPHONEOS_DEPLOYMENT_TARGET = 9.0;
				LD_RUNPATH_SEARCH_PATHS = (
					"$(inherited)",
					"@executable_path/Frameworks",
				);
				PRODUCT_BUNDLE_IDENTIFIER = com.wassam.TicTacToe;
				PRODUCT_NAME = "$(TARGET_NAME)";
				SWIFT_VERSION = 5.0;
				TARGETED_DEVICE_FAMILY = "1,2";
				WATCHOS_DEPLOYMENT_TARGET = 5.0;
			};
			name = Release;
		};
		4F8FEDC32246E11E006136C9 /* Debug */ = {
			isa = XCBuildConfiguration;
			buildSettings = {
				ALWAYS_EMBED_SWIFT_STANDARD_LIBRARIES = YES;
				BUNDLE_LOADER = "$(TEST_HOST)";
				CODE_SIGN_STYLE = Automatic;
				DEVELOPMENT_TEAM = AWD2L2KGYG;
				INFOPLIST_FILE = TicTacToeTests/Info.plist;
				LD_RUNPATH_SEARCH_PATHS = (
					"$(inherited)",
					"@executable_path/Frameworks",
					"@loader_path/Frameworks",
				);
				PRODUCT_BUNDLE_IDENTIFIER = com.wassam.TicTacToeTests;
				PRODUCT_NAME = "$(TARGET_NAME)";
				SWIFT_VERSION = 4.2;
				TARGETED_DEVICE_FAMILY = "1,2";
				TEST_HOST = "$(BUILT_PRODUCTS_DIR)/TicTacToe.app/TicTacToe";
			};
			name = Debug;
		};
		4F8FEDC42246E11E006136C9 /* Release */ = {
			isa = XCBuildConfiguration;
			buildSettings = {
				ALWAYS_EMBED_SWIFT_STANDARD_LIBRARIES = YES;
				BUNDLE_LOADER = "$(TEST_HOST)";
				CODE_SIGN_STYLE = Automatic;
				DEVELOPMENT_TEAM = AWD2L2KGYG;
				INFOPLIST_FILE = TicTacToeTests/Info.plist;
				LD_RUNPATH_SEARCH_PATHS = (
					"$(inherited)",
					"@executable_path/Frameworks",
					"@loader_path/Frameworks",
				);
				PRODUCT_BUNDLE_IDENTIFIER = com.wassam.TicTacToeTests;
				PRODUCT_NAME = "$(TARGET_NAME)";
				SWIFT_VERSION = 4.2;
				TARGETED_DEVICE_FAMILY = "1,2";
				TEST_HOST = "$(BUILT_PRODUCTS_DIR)/TicTacToe.app/TicTacToe";
			};
			name = Release;
		};
		4F8FEDC62246E11E006136C9 /* Debug */ = {
			isa = XCBuildConfiguration;
			buildSettings = {
				ALWAYS_EMBED_SWIFT_STANDARD_LIBRARIES = YES;
				CODE_SIGN_STYLE = Automatic;
				DEVELOPMENT_TEAM = AWD2L2KGYG;
				INFOPLIST_FILE = TicTacToeUITests/Info.plist;
				LD_RUNPATH_SEARCH_PATHS = (
					"$(inherited)",
					"@executable_path/Frameworks",
					"@loader_path/Frameworks",
				);
				PRODUCT_BUNDLE_IDENTIFIER = com.wassam.TicTacToeUITests;
				PRODUCT_NAME = "$(TARGET_NAME)";
				SWIFT_VERSION = 4.2;
				TARGETED_DEVICE_FAMILY = "1,2";
				TEST_TARGET_NAME = TicTacToe;
			};
			name = Debug;
		};
		4F8FEDC72246E11E006136C9 /* Release */ = {
			isa = XCBuildConfiguration;
			buildSettings = {
				ALWAYS_EMBED_SWIFT_STANDARD_LIBRARIES = YES;
				CODE_SIGN_STYLE = Automatic;
				DEVELOPMENT_TEAM = AWD2L2KGYG;
				INFOPLIST_FILE = TicTacToeUITests/Info.plist;
				LD_RUNPATH_SEARCH_PATHS = (
					"$(inherited)",
					"@executable_path/Frameworks",
					"@loader_path/Frameworks",
				);
				PRODUCT_BUNDLE_IDENTIFIER = com.wassam.TicTacToeUITests;
				PRODUCT_NAME = "$(TARGET_NAME)";
				SWIFT_VERSION = 4.2;
				TARGETED_DEVICE_FAMILY = "1,2";
				TEST_TARGET_NAME = TicTacToe;
			};
			name = Release;
		};
/* End XCBuildConfiguration section */

/* Begin XCConfigurationList section */
		4F7D271F225ABB6E00FCAE69 /* Build configuration list for PBXNativeTarget "watch Extension" */ = {
			isa = XCConfigurationList;
			buildConfigurations = (
				4F7D2720225ABB6E00FCAE69 /* Debug */,
				4F7D2721225ABB6E00FCAE69 /* Release */,
			);
			defaultConfigurationIsVisible = 0;
			defaultConfigurationName = Release;
		};
		4F7D2723225ABB6E00FCAE69 /* Build configuration list for PBXNativeTarget "watch" */ = {
			isa = XCConfigurationList;
			buildConfigurations = (
				4F7D2724225ABB6E00FCAE69 /* Debug */,
				4F7D2725225ABB6E00FCAE69 /* Release */,
			);
			defaultConfigurationIsVisible = 0;
			defaultConfigurationName = Release;
		};
		4F8FED922246E11C006136C9 /* Build configuration list for PBXProject "TicTacToe" */ = {
			isa = XCConfigurationList;
			buildConfigurations = (
				4F8FEDBD2246E11E006136C9 /* Debug */,
				4F8FEDBE2246E11E006136C9 /* Release */,
			);
			defaultConfigurationIsVisible = 0;
			defaultConfigurationName = Release;
		};
		4F8FEDBF2246E11E006136C9 /* Build configuration list for PBXNativeTarget "TicTacToe" */ = {
			isa = XCConfigurationList;
			buildConfigurations = (
				4F8FEDC02246E11E006136C9 /* Debug */,
				4F8FEDC12246E11E006136C9 /* Release */,
			);
			defaultConfigurationIsVisible = 0;
			defaultConfigurationName = Release;
		};
		4F8FEDC22246E11E006136C9 /* Build configuration list for PBXNativeTarget "TicTacToeTests" */ = {
			isa = XCConfigurationList;
			buildConfigurations = (
				4F8FEDC32246E11E006136C9 /* Debug */,
				4F8FEDC42246E11E006136C9 /* Release */,
			);
			defaultConfigurationIsVisible = 0;
			defaultConfigurationName = Release;
		};
		4F8FEDC52246E11E006136C9 /* Build configuration list for PBXNativeTarget "TicTacToeUITests" */ = {
			isa = XCConfigurationList;
			buildConfigurations = (
				4F8FEDC62246E11E006136C9 /* Debug */,
				4F8FEDC72246E11E006136C9 /* Release */,
			);
			defaultConfigurationIsVisible = 0;
			defaultConfigurationName = Release;
		};
/* End XCConfigurationList section */
	};
	rootObject = 4F8FED8F2246E11C006136C9 /* Project object */;
}
